// !$*UTF8*$!
{
	archiveVersion = 1;
	classes = {
	};
	objectVersion = 77;
	objects = {

/* Begin PBXContainerItemProxy section */
		3FA3B4AF2E13360E00B5091D /* PBXContainerItemProxy */ = {
			isa = PBXContainerItemProxy;
			containerPortal = 3FA3B4962E13360D00B5091D /* Project object */;
			proxyType = 1;
			remoteGlobalIDString = 3FA3B49D2E13360D00B5091D;
			remoteInfo = DesktopMascot;
		};
		3FA3B4B92E13360E00B5091D /* PBXContainerItemProxy */ = {
			isa = PBXContainerItemProxy;
			containerPortal = 3FA3B4962E13360D00B5091D /* Project object */;
			proxyType = 1;
			remoteGlobalIDString = 3FA3B49D2E13360D00B5091D;
			remoteInfo = DesktopMascot;
		};
/* End PBXContainerItemProxy section */

/* Begin PBXFileReference section */
		3FA3B49E2E13360D00B5091D /* DesktopMascot.app */ = {isa = PBXFileReference; explicitFileType = wrapper.application; includeInIndex = 0; path = DesktopMascot.app; sourceTree = BUILT_PRODUCTS_DIR; };
		3FA3B4AE2E13360E00B5091D /* DesktopMascotTests.xctest */ = {isa = PBXFileReference; explicitFileType = wrapper.cfbundle; includeInIndex = 0; path = DesktopMascotTests.xctest; sourceTree = BUILT_PRODUCTS_DIR; };
		3FA3B4B82E13360E00B5091D /* DesktopMascotUITests.xctest */ = {isa = PBXFileReference; explicitFileType = wrapper.cfbundle; includeInIndex = 0; path = DesktopMascotUITests.xctest; sourceTree = BUILT_PRODUCTS_DIR; };
/* End PBXFileReference section */

/* Begin PBXFileSystemSynchronizedBuildFileExceptionSet section */
		3FA3B53F2E13456100B5091D /* Exceptions for "Resources" folder in "DesktopMascot" target */ = {
			isa = PBXFileSystemSynchronizedBuildFileExceptionSet;
			membershipExceptions = (
				patoka_l.gif,
				patoka_r.gif,
			);
			target = 3FA3B49D2E13360D00B5091D /* DesktopMascot */;
		};
		3FA3B5402E13456100B5091D /* Exceptions for "Resources" folder in "DesktopMascotUITests" target */ = {
			isa = PBXFileSystemSynchronizedBuildFileExceptionSet;
			membershipExceptions = (
				patoka_l.gif,
				patoka_r.gif,
			);
			target = 3FA3B4B72E13360E00B5091D /* DesktopMascotUITests */;
		};
/* End PBXFileSystemSynchronizedBuildFileExceptionSet section */

/* Begin PBXFileSystemSynchronizedRootGroup section */
		3FA3B4A02E13360D00B5091D /* DesktopMascot */ = {
			isa = PBXFileSystemSynchronizedRootGroup;
			path = DesktopMascot;
			sourceTree = "<group>";
		};
		3FA3B4B12E13360E00B5091D /* DesktopMascotTests */ = {
			isa = PBXFileSystemSynchronizedRootGroup;
			path = DesktopMascotTests;
			sourceTree = "<group>";
		};
		3FA3B4BB2E13360E00B5091D /* DesktopMascotUITests */ = {
			isa = PBXFileSystemSynchronizedRootGroup;
			path = DesktopMascotUITests;
			sourceTree = "<group>";
		};
		3FA3B53C2E13456100B5091D /* Resources */ = {
			isa = PBXFileSystemSynchronizedRootGroup;
			exceptions = (
				3FA3B53F2E13456100B5091D /* Exceptions for "Resources" folder in "DesktopMascot" target */,
				3FA3B5402E13456100B5091D /* Exceptions for "Resources" folder in "DesktopMascotUITests" target */,
			);
			path = Resources;
			sourceTree = "<group>";
		};
/* End PBXFileSystemSynchronizedRootGroup section */

/* Begin PBXFrameworksBuildPhase section */
		3FA3B49B2E13360D00B5091D /* Frameworks */ = {
			isa = PBXFrameworksBuildPhase;
			buildActionMask = 2147483647;
			files = (
			);
			runOnlyForDeploymentPostprocessing = 0;
		};
		3FA3B4AB2E13360E00B5091D /* Frameworks */ = {
			isa = PBXFrameworksBuildPhase;
			buildActionMask = 2147483647;
			files = (
			);
			runOnlyForDeploymentPostprocessing = 0;
		};
		3FA3B4B52E13360E00B5091D /* Frameworks */ = {
			isa = PBXFrameworksBuildPhase;
			buildActionMask = 2147483647;
			files = (
			);
			runOnlyForDeploymentPostprocessing = 0;
		};
/* End PBXFrameworksBuildPhase section */

/* Begin PBXGroup section */
		3FA3B4952E13360D00B5091D = {
			isa = PBXGroup;
			children = (
				3FA3B4A02E13360D00B5091D /* DesktopMascot */,
				3FA3B4B12E13360E00B5091D /* DesktopMascotTests */,
				3FA3B4BB2E13360E00B5091D /* DesktopMascotUITests */,
				3FA3B49F2E13360D00B5091D /* Products */,
				3FA3B53C2E13456100B5091D /* Resources */,
			);
			sourceTree = "<group>";
		};
		3FA3B49F2E13360D00B5091D /* Products */ = {
			isa = PBXGroup;
			children = (
				3FA3B49E2E13360D00B5091D /* DesktopMascot.app */,
				3FA3B4AE2E13360E00B5091D /* DesktopMascotTests.xctest */,
				3FA3B4B82E13360E00B5091D /* DesktopMascotUITests.xctest */,
			);
			name = Products;
			sourceTree = "<group>";
		};
/* End PBXGroup section */

/* Begin PBXNativeTarget section */
		3FA3B49D2E13360D00B5091D /* DesktopMascot */ = {
			isa = PBXNativeTarget;
			buildConfigurationList = 3FA3B4C22E13360E00B5091D /* Build configuration list for PBXNativeTarget "DesktopMascot" */;
			buildPhases = (
				3FA3B49A2E13360D00B5091D /* Sources */,
				3FA3B49B2E13360D00B5091D /* Frameworks */,
				3FA3B49C2E13360D00B5091D /* Resources */,
			);
			buildRules = (
			);
			dependencies = (
			);
			fileSystemSynchronizedGroups = (
				3FA3B4A02E13360D00B5091D /* DesktopMascot */,
			);
			name = DesktopMascot;
			packageProductDependencies = (
			);
			productName = DesktopMascot;
			productReference = 3FA3B49E2E13360D00B5091D /* DesktopMascot.app */;
			productType = "com.apple.product-type.application";
		};
		3FA3B4AD2E13360E00B5091D /* DesktopMascotTests */ = {
			isa = PBXNativeTarget;
			buildConfigurationList = 3FA3B4C52E13360E00B5091D /* Build configuration list for PBXNativeTarget "DesktopMascotTests" */;
			buildPhases = (
				3FA3B4AA2E13360E00B5091D /* Sources */,
				3FA3B4AB2E13360E00B5091D /* Frameworks */,
				3FA3B4AC2E13360E00B5091D /* Resources */,
			);
			buildRules = (
			);
			dependencies = (
				3FA3B4B02E13360E00B5091D /* PBXTargetDependency */,
			);
			fileSystemSynchronizedGroups = (
				3FA3B4B12E13360E00B5091D /* DesktopMascotTests */,
			);
			name = DesktopMascotTests;
			packageProductDependencies = (
			);
			productName = DesktopMascotTests;
			productReference = 3FA3B4AE2E13360E00B5091D /* DesktopMascotTests.xctest */;
			productType = "com.apple.product-type.bundle.unit-test";
		};
		3FA3B4B72E13360E00B5091D /* DesktopMascotUITests */ = {
			isa = PBXNativeTarget;
			buildConfigurationList = 3FA3B4C82E13360E00B5091D /* Build configuration list for PBXNativeTarget "DesktopMascotUITests" */;
			buildPhases = (
				3FA3B4B42E13360E00B5091D /* Sources */,
				3FA3B4B52E13360E00B5091D /* Frameworks */,
				3FA3B4B62E13360E00B5091D /* Resources */,
			);
			buildRules = (
			);
			dependencies = (
				3FA3B4BA2E13360E00B5091D /* PBXTargetDependency */,
			);
			fileSystemSynchronizedGroups = (
				3FA3B4BB2E13360E00B5091D /* DesktopMascotUITests */,
				3FA3B53C2E13456100B5091D /* Resources */,
			);
			name = DesktopMascotUITests;
			packageProductDependencies = (
			);
			productName = DesktopMascotUITests;
			productReference = 3FA3B4B82E13360E00B5091D /* DesktopMascotUITests.xctest */;
			productType = "com.apple.product-type.bundle.ui-testing";
		};
/* End PBXNativeTarget section */

/* Begin PBXProject section */
		3FA3B4962E13360D00B5091D /* Project object */ = {
			isa = PBXProject;
			attributes = {
				BuildIndependentTargetsInParallel = 1;
				LastSwiftUpdateCheck = 1600;
				LastUpgradeCheck = 1600;
				TargetAttributes = {
					3FA3B49D2E13360D00B5091D = {
						CreatedOnToolsVersion = 16.0;
					};
					3FA3B4AD2E13360E00B5091D = {
						CreatedOnToolsVersion = 16.0;
						TestTargetID = 3FA3B49D2E13360D00B5091D;
					};
					3FA3B4B72E13360E00B5091D = {
						CreatedOnToolsVersion = 16.0;
						TestTargetID = 3FA3B49D2E13360D00B5091D;
					};
				};
			};
			buildConfigurationList = 3FA3B4992E13360D00B5091D /* Build configuration list for PBXProject "DesktopMascot" */;
			developmentRegion = en;
			hasScannedForEncodings = 0;
			knownRegions = (
				en,
				Base,
			);
			mainGroup = 3FA3B4952E13360D00B5091D;
			minimizedProjectReferenceProxies = 1;
			preferredProjectObjectVersion = 77;
			productRefGroup = 3FA3B49F2E13360D00B5091D /* Products */;
			projectDirPath = "";
			projectRoot = "";
			targets = (
				3FA3B49D2E13360D00B5091D /* DesktopMascot */,
				3FA3B4AD2E13360E00B5091D /* DesktopMascotTests */,
				3FA3B4B72E13360E00B5091D /* DesktopMascotUITests */,
			);
		};
/* End PBXProject section */

/* Begin PBXResourcesBuildPhase section */
		3FA3B49C2E13360D00B5091D /* Resources */ = {
			isa = PBXResourcesBuildPhase;
			buildActionMask = 2147483647;
			files = (
			);
			runOnlyForDeploymentPostprocessing = 0;
		};
		3FA3B4AC2E13360E00B5091D /* Resources */ = {
			isa = PBXResourcesBuildPhase;
			buildActionMask = 2147483647;
			files = (
			);
			runOnlyForDeploymentPostprocessing = 0;
		};
		3FA3B4B62E13360E00B5091D /* Resources */ = {
			isa = PBXResourcesBuildPhase;
			buildActionMask = 2147483647;
			files = (
			);
			runOnlyForDeploymentPostprocessing = 0;
		};
/* End PBXResourcesBuildPhase section */

/* Begin PBXSourcesBuildPhase section */
		3FA3B49A2E13360D00B5091D /* Sources */ = {
			isa = PBXSourcesBuildPhase;
			buildActionMask = 2147483647;
			files = (
			);
			runOnlyForDeploymentPostprocessing = 0;
		};
		3FA3B4AA2E13360E00B5091D /* Sources */ = {
			isa = PBXSourcesBuildPhase;
			buildActionMask = 2147483647;
			files = (
			);
			runOnlyForDeploymentPostprocessing = 0;
		};
		3FA3B4B42E13360E00B5091D /* Sources */ = {
			isa = PBXSourcesBuildPhase;
			buildActionMask = 2147483647;
			files = (
			);
			runOnlyForDeploymentPostprocessing = 0;
		};
/* End PBXSourcesBuildPhase section */

/* Begin PBXTargetDependency section */
		3FA3B4B02E13360E00B5091D /* PBXTargetDependency */ = {
			isa = PBXTargetDependency;
			target = 3FA3B49D2E13360D00B5091D /* DesktopMascot */;
			targetProxy = 3FA3B4AF2E13360E00B5091D /* PBXContainerItemProxy */;
		};
		3FA3B4BA2E13360E00B5091D /* PBXTargetDependency */ = {
			isa = PBXTargetDependency;
			target = 3FA3B49D2E13360D00B5091D /* DesktopMascot */;
			targetProxy = 3FA3B4B92E13360E00B5091D /* PBXContainerItemProxy */;
		};
/* End PBXTargetDependency section */

/* Begin XCBuildConfiguration section */
		3FA3B4C02E13360E00B5091D /* Debug */ = {
			isa = XCBuildConfiguration;
			buildSettings = {
				ALWAYS_SEARCH_USER_PATHS = NO;
				ASSETCATALOG_COMPILER_GENERATE_SWIFT_ASSET_SYMBOL_EXTENSIONS = YES;
				CLANG_ANALYZER_NONNULL = YES;
				CLANG_ANALYZER_NUMBER_OBJECT_CONVERSION = YES_AGGRESSIVE;
				CLANG_CXX_LANGUAGE_STANDARD = "gnu++20";
				CLANG_ENABLE_MODULES = YES;
				CLANG_ENABLE_OBJC_ARC = YES;
				CLANG_ENABLE_OBJC_WEAK = YES;
				CLANG_WARN_BLOCK_CAPTURE_AUTORELEASING = YES;
				CLANG_WARN_BOOL_CONVERSION = YES;
				CLANG_WARN_COMMA = YES;
				CLANG_WARN_CONSTANT_CONVERSION = YES;
				CLANG_WARN_DEPRECATED_OBJC_IMPLEMENTATIONS = YES;
				CLANG_WARN_DIRECT_OBJC_ISA_USAGE = YES_ERROR;
				CLANG_WARN_DOCUMENTATION_COMMENTS = YES;
				CLANG_WARN_EMPTY_BODY = YES;
				CLANG_WARN_ENUM_CONVERSION = YES;
				CLANG_WARN_INFINITE_RECURSION = YES;
				CLANG_WARN_INT_CONVERSION = YES;
				CLANG_WARN_NON_LITERAL_NULL_CONVERSION = YES;
				CLANG_WARN_OBJC_IMPLICIT_RETAIN_SELF = YES;
				CLANG_WARN_OBJC_LITERAL_CONVERSION = YES;
				CLANG_WARN_OBJC_ROOT_CLASS = YES_ERROR;
				CLANG_WARN_QUOTED_INCLUDE_IN_FRAMEWORK_HEADER = YES;
				CLANG_WARN_RANGE_LOOP_ANALYSIS = YES;
				CLANG_WARN_STRICT_PROTOTYPES = YES;
				CLANG_WARN_SUSPICIOUS_MOVE = YES;
				CLANG_WARN_UNGUARDED_AVAILABILITY = YES_AGGRESSIVE;
				CLANG_WARN_UNREACHABLE_CODE = YES;
				CLANG_WARN__DUPLICATE_METHOD_MATCH = YES;
				COPY_PHASE_STRIP = NO;
				DEBUG_INFORMATION_FORMAT = dwarf;
				ENABLE_STRICT_OBJC_MSGSEND = YES;
				ENABLE_TESTABILITY = YES;
				ENABLE_USER_SCRIPT_SANDBOXING = YES;
				GCC_C_LANGUAGE_STANDARD = gnu17;
				GCC_DYNAMIC_NO_PIC = NO;
				GCC_NO_COMMON_BLOCKS = YES;
				GCC_OPTIMIZATION_LEVEL = 0;
				GCC_PREPROCESSOR_DEFINITIONS = (
					"DEBUG=1",
					"$(inherited)",
				);
				GCC_WARN_64_TO_32_BIT_CONVERSION = YES;
				GCC_WARN_ABOUT_RETURN_TYPE = YES_ERROR;
				GCC_WARN_UNDECLARED_SELECTOR = YES;
				GCC_WARN_UNINITIALIZED_AUTOS = YES_AGGRESSIVE;
				GCC_WARN_UNUSED_FUNCTION = YES;
				GCC_WARN_UNUSED_VARIABLE = YES;
				IPHONEOS_DEPLOYMENT_TARGET = 18.0;
				LOCALIZATION_PREFERS_STRING_CATALOGS = YES;
				MTL_ENABLE_DEBUG_INFO = INCLUDE_SOURCE;
				MTL_FAST_MATH = YES;
				ONLY_ACTIVE_ARCH = YES;
				SDKROOT = iphoneos;
				SWIFT_ACTIVE_COMPILATION_CONDITIONS = "DEBUG $(inherited)";
				SWIFT_OPTIMIZATION_LEVEL = "-Onone";
			};
			name = Debug;
		};
		3FA3B4C12E13360E00B5091D /* Release */ = {
			isa = XCBuildConfiguration;
			buildSettings = {
				ALWAYS_SEARCH_USER_PATHS = NO;
				ASSETCATALOG_COMPILER_GENERATE_SWIFT_ASSET_SYMBOL_EXTENSIONS = YES;
				CLANG_ANALYZER_NONNULL = YES;
				CLANG_ANALYZER_NUMBER_OBJECT_CONVERSION = YES_AGGRESSIVE;
				CLANG_CXX_LANGUAGE_STANDARD = "gnu++20";
				CLANG_ENABLE_MODULES = YES;
				CLANG_ENABLE_OBJC_ARC = YES;
				CLANG_ENABLE_OBJC_WEAK = YES;
				CLANG_WARN_BLOCK_CAPTURE_AUTORELEASING = YES;
				CLANG_WARN_BOOL_CONVERSION = YES;
				CLANG_WARN_COMMA = YES;
				CLANG_WARN_CONSTANT_CONVERSION = YES;
				CLANG_WARN_DEPRECATED_OBJC_IMPLEMENTATIONS = YES;
				CLANG_WARN_DIRECT_OBJC_ISA_USAGE = YES_ERROR;
				CLANG_WARN_DOCUMENTATION_COMMENTS = YES;
				CLANG_WARN_EMPTY_BODY = YES;
				CLANG_WARN_ENUM_CONVERSION = YES;
				CLANG_WARN_INFINITE_RECURSION = YES;
				CLANG_WARN_INT_CONVERSION = YES;
				CLANG_WARN_NON_LITERAL_NULL_CONVERSION = YES;
				CLANG_WARN_OBJC_IMPLICIT_RETAIN_SELF = YES;
				CLANG_WARN_OBJC_LITERAL_CONVERSION = YES;
				CLANG_WARN_OBJC_ROOT_CLASS = YES_ERROR;
				CLANG_WARN_QUOTED_INCLUDE_IN_FRAMEWORK_HEADER = YES;
				CLANG_WARN_RANGE_LOOP_ANALYSIS = YES;
				CLANG_WARN_STRICT_PROTOTYPES = YES;
				CLANG_WARN_SUSPICIOUS_MOVE = YES;
				CLANG_WARN_UNGUARDED_AVAILABILITY = YES_AGGRESSIVE;
				CLANG_WARN_UNREACHABLE_CODE = YES;
				CLANG_WARN__DUPLICATE_METHOD_MATCH = YES;
				COPY_PHASE_STRIP = NO;
				DEBUG_INFORMATION_FORMAT = "dwarf-with-dsym";
				ENABLE_NS_ASSERTIONS = NO;
				ENABLE_STRICT_OBJC_MSGSEND = YES;
				ENABLE_USER_SCRIPT_SANDBOXING = YES;
				GCC_C_LANGUAGE_STANDARD = gnu17;
				GCC_NO_COMMON_BLOCKS = YES;
				GCC_WARN_64_TO_32_BIT_CONVERSION = YES;
				GCC_WARN_ABOUT_RETURN_TYPE = YES_ERROR;
				GCC_WARN_UNDECLARED_SELECTOR = YES;
				GCC_WARN_UNINITIALIZED_AUTOS = YES_AGGRESSIVE;
				GCC_WARN_UNUSED_FUNCTION = YES;
				GCC_WARN_UNUSED_VARIABLE = YES;
				IPHONEOS_DEPLOYMENT_TARGET = 18.0;
				LOCALIZATION_PREFERS_STRING_CATALOGS = YES;
				MTL_ENABLE_DEBUG_INFO = NO;
				MTL_FAST_MATH = YES;
				SDKROOT = iphoneos;
				SWIFT_COMPILATION_MODE = wholemodule;
				VALIDATE_PRODUCT = YES;
			};
			name = Release;
		};
		3FA3B4C32E13360E00B5091D /* Debug */ = {
			isa = XCBuildConfiguration;
			buildSettings = {
				ASSETCATALOG_COMPILER_APPICON_NAME = AppIcon;
				ASSETCATALOG_COMPILER_GLOBAL_ACCENT_COLOR_NAME = AccentColor;
				CODE_SIGN_STYLE = Automatic;
				CURRENT_PROJECT_VERSION = 1;
				DEVELOPMENT_ASSET_PATHS = "\"DesktopMascot/Preview Content\"";
				ENABLE_PREVIEWS = YES;
				GENERATE_INFOPLIST_FILE = YES;
				INFOPLIST_KEY_UIApplicationSceneManifest_Generation = YES;
				INFOPLIST_KEY_UIApplicationSupportsIndirectInputEvents = YES;
				INFOPLIST_KEY_UILaunchScreen_Generation = YES;
				INFOPLIST_KEY_UISupportedInterfaceOrientations_iPad = "UIInterfaceOrientationPortrait UIInterfaceOrientationPortraitUpsideDown UIInterfaceOrientationLandscapeLeft UIInterfaceOrientationLandscapeRight";
				INFOPLIST_KEY_UISupportedInterfaceOrientations_iPhone = "UIInterfaceOrientationPortrait UIInterfaceOrientationLandscapeLeft UIInterfaceOrientationLandscapeRight";
				LD_RUNPATH_SEARCH_PATHS = (
					"$(inherited)",
					"@executable_path/Frameworks",
				);
				MARKETING_VERSION = 1.0;
				PRODUCT_BUNDLE_IDENTIFIER = usamaru.DesktopMascot;
				PRODUCT_NAME = "$(TARGET_NAME)";
				REGISTER_APP_GROUPS = NO;
				SUPPORTED_PLATFORMS = macosx;
				SUPPORTS_MACCATALYST = NO;
				SUPPORTS_MAC_DESIGNED_FOR_IPHONE_IPAD = NO;
				SUPPORTS_XR_DESIGNED_FOR_IPHONE_IPAD = NO;
				SWIFT_EMIT_LOC_STRINGS = YES;
				SWIFT_VERSION = 5.0;
			};
			name = Debug;
		};
		3FA3B4C42E13360E00B5091D /* Release */ = {
			isa = XCBuildConfiguration;
			buildSettings = {
				ASSETCATALOG_COMPILER_APPICON_NAME = AppIcon;
				ASSETCATALOG_COMPILER_GLOBAL_ACCENT_COLOR_NAME = AccentColor;
				CODE_SIGN_STYLE = Automatic;
				CURRENT_PROJECT_VERSION = 1;
				DEVELOPMENT_ASSET_PATHS = "\"DesktopMascot/Preview Content\"";
				ENABLE_PREVIEWS = YES;
				GENERATE_INFOPLIST_FILE = YES;
				INFOPLIST_KEY_UIApplicationSceneManifest_Generation = YES;
				INFOPLIST_KEY_UIApplicationSupportsIndirectInputEvents = YES;
				INFOPLIST_KEY_UILaunchScreen_Generation = YES;
				INFOPLIST_KEY_UISupportedInterfaceOrientations_iPad = "UIInterfaceOrientationPortrait UIInterfaceOrientationPortraitUpsideDown UIInterfaceOrientationLandscapeLeft UIInterfaceOrientationLandscapeRight";
				INFOPLIST_KEY_UISupportedInterfaceOrientations_iPhone = "UIInterfaceOrientationPortrait UIInterfaceOrientationLandscapeLeft UIInterfaceOrientationLandscapeRight";
				LD_RUNPATH_SEARCH_PATHS = (
					"$(inherited)",
					"@executable_path/Frameworks",
				);
				MARKETING_VERSION = 1.0;
				PRODUCT_BUNDLE_IDENTIFIER = usamaru.DesktopMascot;
				PRODUCT_NAME = "$(TARGET_NAME)";
				REGISTER_APP_GROUPS = NO;
				SUPPORTED_PLATFORMS = macosx;
				SUPPORTS_MACCATALYST = NO;
				SUPPORTS_MAC_DESIGNED_FOR_IPHONE_IPAD = NO;
				SUPPORTS_XR_DESIGNED_FOR_IPHONE_IPAD = NO;
				SWIFT_EMIT_LOC_STRINGS = YES;
				SWIFT_VERSION = 5.0;
			};
			name = Release;
		};
		3FA3B4C62E13360E00B5091D /* Debug */ = {
			isa = XCBuildConfiguration;
			buildSettings = {
				BUNDLE_LOADER = "$(TEST_HOST)";
				CODE_SIGN_STYLE = Automatic;
				CURRENT_PROJECT_VERSION = 1;
				GENERATE_INFOPLIST_FILE = YES;
				IPHONEOS_DEPLOYMENT_TARGET = 18.0;
				MARKETING_VERSION = 1.0;
				PRODUCT_BUNDLE_IDENTIFIER = usamaru.DesktopMascotTests;
				PRODUCT_NAME = "$(TARGET_NAME)";
				REGISTER_APP_GROUPS = NO;
				SUPPORTED_PLATFORMS = macosx;
				SUPPORTS_MACCATALYST = NO;
				SUPPORTS_MAC_DESIGNED_FOR_IPHONE_IPAD = NO;
				SUPPORTS_XR_DESIGNED_FOR_IPHONE_IPAD = NO;
				SWIFT_EMIT_LOC_STRINGS = NO;
				SWIFT_VERSION = 5.0;
				TEST_HOST = "$(BUILT_PRODUCTS_DIR)/DesktopMascot.app/$(BUNDLE_EXECUTABLE_FOLDER_PATH)/DesktopMascot";
			};
			name = Debug;
		};
		3FA3B4C72E13360E00B5091D /* Release */ = {
			isa = XCBuildConfiguration;
			buildSettings = {
				BUNDLE_LOADER = "$(TEST_HOST)";
				CODE_SIGN_STYLE = Automatic;
				CURRENT_PROJECT_VERSION = 1;
				GENERATE_INFOPLIST_FILE = YES;
				IPHONEOS_DEPLOYMENT_TARGET = 18.0;
				MARKETING_VERSION = 1.0;
				PRODUCT_BUNDLE_IDENTIFIER = usamaru.DesktopMascotTests;
				PRODUCT_NAME = "$(TARGET_NAME)";
				REGISTER_APP_GROUPS = NO;
				SUPPORTED_PLATFORMS = macosx;
				SUPPORTS_MACCATALYST = NO;
				SUPPORTS_MAC_DESIGNED_FOR_IPHONE_IPAD = NO;
				SUPPORTS_XR_DESIGNED_FOR_IPHONE_IPAD = NO;
				SWIFT_EMIT_LOC_STRINGS = NO;
				SWIFT_VERSION = 5.0;
				TEST_HOST = "$(BUILT_PRODUCTS_DIR)/DesktopMascot.app/$(BUNDLE_EXECUTABLE_FOLDER_PATH)/DesktopMascot";
			};
			name = Release;
		};
		3FA3B4C92E13360E00B5091D /* Debug */ = {
			isa = XCBuildConfiguration;
			buildSettings = {
				CODE_SIGN_STYLE = Automatic;
				CURRENT_PROJECT_VERSION = 1;
				GENERATE_INFOPLIST_FILE = YES;
				MARKETING_VERSION = 1.0;
				PRODUCT_BUNDLE_IDENTIFIER = usamaru.DesktopMascotUITests;
				PRODUCT_NAME = "$(TARGET_NAME)";
				REGISTER_APP_GROUPS = NO;
				SUPPORTED_PLATFORMS = macosx;
				SUPPORTS_MACCATALYST = NO;
				SUPPORTS_MAC_DESIGNED_FOR_IPHONE_IPAD = NO;
				SUPPORTS_XR_DESIGNED_FOR_IPHONE_IPAD = NO;
				SWIFT_EMIT_LOC_STRINGS = NO;
				SWIFT_VERSION = 5.0;
				TEST_TARGET_NAME = DesktopMascot;
			};
			name = Debug;
		};
		3FA3B4CA2E13360E00B5091D /* Release */ = {
			isa = XCBuildConfiguration;
			buildSettings = {
				CODE_SIGN_STYLE = Automatic;
				CURRENT_PROJECT_VERSION = 1;
				GENERATE_INFOPLIST_FILE = YES;
				MARKETING_VERSION = 1.0;
				PRODUCT_BUNDLE_IDENTIFIER = usamaru.DesktopMascotUITests;
				PRODUCT_NAME = "$(TARGET_NAME)";
				REGISTER_APP_GROUPS = NO;
				SUPPORTED_PLATFORMS = macosx;
				SUPPORTS_MACCATALYST = NO;
				SUPPORTS_MAC_DESIGNED_FOR_IPHONE_IPAD = NO;
				SUPPORTS_XR_DESIGNED_FOR_IPHONE_IPAD = NO;
				SWIFT_EMIT_LOC_STRINGS = NO;
				SWIFT_VERSION = 5.0;
				TEST_TARGET_NAME = DesktopMascot;
			};
			name = Release;
		};
/* End XCBuildConfiguration section */

/* Begin XCConfigurationList section */
		3FA3B4992E13360D00B5091D /* Build configuration list for PBXProject "DesktopMascot" */ = {
			isa = XCConfigurationList;
			buildConfigurations = (
				3FA3B4C02E13360E00B5091D /* Debug */,
				3FA3B4C12E13360E00B5091D /* Release */,
			);
			defaultConfigurationIsVisible = 0;
			defaultConfigurationName = Release;
		};
		3FA3B4C22E13360E00B5091D /* Build configuration list for PBXNativeTarget "DesktopMascot" */ = {
			isa = XCConfigurationList;
			buildConfigurations = (
				3FA3B4C32E13360E00B5091D /* Debug */,
				3FA3B4C42E13360E00B5091D /* Release */,
			);
			defaultConfigurationIsVisible = 0;
			defaultConfigurationName = Release;
		};
		3FA3B4C52E13360E00B5091D /* Build configuration list for PBXNativeTarget "DesktopMascotTests" */ = {
			isa = XCConfigurationList;
			buildConfigurations = (
				3FA3B4C62E13360E00B5091D /* Debug */,
				3FA3B4C72E13360E00B5091D /* Release */,
			);
			defaultConfigurationIsVisible = 0;
			defaultConfigurationName = Release;
		};
		3FA3B4C82E13360E00B5091D /* Build configuration list for PBXNativeTarget "DesktopMascotUITests" */ = {
			isa = XCConfigurationList;
			buildConfigurations = (
				3FA3B4C92E13360E00B5091D /* Debug */,
				3FA3B4CA2E13360E00B5091D /* Release */,
			);
			defaultConfigurationIsVisible = 0;
			defaultConfigurationName = Release;
		};
/* End XCConfigurationList section */
	};
	rootObject = 3FA3B4962E13360D00B5091D /* Project object */;
}
